
Microsoft Visual Studio Solution File, Format Version 12.00
# Visual Studio Version 17
VisualStudioVersion = 17.8.34525.116
MinimumVisualStudioVersion = 10.0.40219.1
Project("{FAE04EC0-301F-11D3-BF4B-00C04F79EFBC}") = "Project.Net", "Project.Net.csproj", "{33669C5E-2E06-4B97-9B54-87D0FCFB06DC}"
EndProject
Global
	GlobalSection(SolutionConfigurationPlatforms) = preSolution
		Debug|Any CPU = Debug|Any CPU
		Release|Any CPU = Release|Any CPU
	EndGlobalSection
	GlobalSection(ProjectConfigurationPlatforms) = postSolution
		{33669C5E-2E06-4B97-9B54-87D0FCFB06DC}.Debug|Any CPU.ActiveCfg = Debug|Any CPU
		{33669C5E-2E06-4B97-9B54-87D0FCFB06DC}.Debug|Any CPU.Build.0 = Debug|Any CPU
		{33669C5E-2E06-4B97-9B54-87D0FCFB06DC}.Release|Any CPU.ActiveCfg = Release|Any CPU
		{33669C5E-2E06-4B97-9B54-87D0FCFB06DC}.Release|Any CPU.Build.0 = Release|Any CPU
	EndGlobalSection
	GlobalSection(SolutionProperties) = preSolution
		HideSolutionNode = FALSE
	EndGlobalSection
	GlobalSection(ExtensibilityGlobals) = postSolution
		SolutionGuid = {FF9D9F32-6CBC-4C2A-9386-E324F3CF5523}
	EndGlobalSection
EndGlobal
